
Microsoft Visual Studio Solution File, Format Version 12.00
# Visual Studio Version 16
VisualStudioVersion = 16.0.31729.503
MinimumVisualStudioVersion = 10.0.40219.1
Project("{FAE04EC0-301F-11D3-BF4B-00C04F79EFBC}") = "DbConnection", "DbConnection\DbConnection.csproj", "{865D9E40-6A46-4B95-B006-AABD7666B1DB}"
EndProject
Global
	GlobalSection(SolutionConfigurationPlatforms) = preSolution
		Debug|Any CPU = Debug|Any CPU
		Release|Any CPU = Release|Any CPU
	EndGlobalSection
	GlobalSection(ProjectConfigurationPlatforms) = postSolution
		{865D9E40-6A46-4B95-B006-AABD7666B1DB}.Debug|Any CPU.ActiveCfg = Debug|Any CPU
		{865D9E40-6A46-4B95-B006-AABD7666B1DB}.Debug|Any CPU.Build.0 = Debug|Any CPU
		{865D9E40-6A46-4B95-B006-AABD7666B1DB}.Release|Any CPU.ActiveCfg = Release|Any CPU
		{865D9E40-6A46-4B95-B006-AABD7666B1DB}.Release|Any CPU.Build.0 = Release|Any CPU
	EndGlobalSection
	GlobalSection(SolutionProperties) = preSolution
		HideSolutionNode = FALSE
	EndGlobalSection
	GlobalSection(ExtensibilityGlobals) = postSolution
		SolutionGuid = {CEFEFA81-E703-445B-B0C4-CA6A811A6A1F}
	EndGlobalSection
EndGlobal
